
Microsoft Visual Studio Solution File, Format Version 12.00
# Visual Studio Version 16
VisualStudioVersion = 16.0.31321.278
MinimumVisualStudioVersion = 10.0.40219.1
Project("{FAE04EC0-301F-11D3-BF4B-00C04F79EFBC}") = "Diagnostic Center Bill Management System", "Diagnostic Center Bill Management System\Diagnostic Center Bill Management System.csproj", "{17EF7896-6246-4C3E-B82F-097E7C0D2401}"
EndProject
Global
	GlobalSection(SolutionConfigurationPlatforms) = preSolution
		Debug|Any CPU = Debug|Any CPU
		Release|Any CPU = Release|Any CPU
	EndGlobalSection
	GlobalSection(ProjectConfigurationPlatforms) = postSolution
		{17EF7896-6246-4C3E-B82F-097E7C0D2401}.Debug|Any CPU.ActiveCfg = Debug|Any CPU
		{17EF7896-6246-4C3E-B82F-097E7C0D2401}.Debug|Any CPU.Build.0 = Debug|Any CPU
		{17EF7896-6246-4C3E-B82F-097E7C0D2401}.Release|Any CPU.ActiveCfg = Release|Any CPU
		{17EF7896-6246-4C3E-B82F-097E7C0D2401}.Release|Any CPU.Build.0 = Release|Any CPU
	EndGlobalSection
	GlobalSection(SolutionProperties) = preSolution
		HideSolutionNode = FALSE
	EndGlobalSection
	GlobalSection(ExtensibilityGlobals) = postSolution
		SolutionGuid = {56EA57C0-0B1D-4A62-9790-77884C589114}
	EndGlobalSection
EndGlobal
